{
  "name": "kalk",
  "lockfileVersion": 3,
  "requires": true,
  "packages": {
    "": {
      "dependencies": {
        "milsymbol": "^3.0.4",
        "react-fast-compare": "^3.2.2"
      }
    },
    "node_modules/milsymbol": {
      "version": "3.0.4",
      "resolved": "https://registry.npmjs.org/milsymbol/-/milsymbol-3.0.4.tgz",
      "integrity": "sha512-Jrs1RBCag2IzyEJwI476i2+pNHdi8WMwAp2mDD23g3TR48ERdHmdQgPXZUosRKyhPMr58/eOPyyLE53lMPPAgw==",
      "license": "MIT"
    },
    "node_modules/react-fast-compare": {
      "version": "3.2.2",
      "resolved": "https://registry.npmjs.org/react-fast-compare/-/react-fast-compare-3.2.2.tgz",
      "integrity": "sha512-nsO+KSNgo1SbJqJEYRE9ERzo7YtYbou/OqjSQKxV7jcKox7+usiUVZOAC+XnDOABXggQTno0Y1CpVnuWEc1boQ==",
      "license": "MIT"
    }
  }
}
